// !$*UTF8*$!
{
	archiveVersion = 1;
	classes = {
	};
	objectVersion = 77;
	objects = {

/* Begin PBXBuildFile section */
		D9B2A9162F4C3E8900644A9E /* Subprocess in Frameworks */ = {isa = PBXBuildFile; productRef = D9B2A9152F4C3E8900644A9E /* Subprocess */; };
		D9B2A9192F4C3EA200644A9E /* KeychainAccess in Frameworks */ = {isa = PBXBuildFile; productRef = D9B2A9182F4C3EA200644A9E /* KeychainAccess */; };
/* End PBXBuildFile section */

/* Begin PBXContainerItemProxy section */
		D9FA0BC82E98E05C0001802D /* PBXContainerItemProxy */ = {
			isa = PBXContainerItemProxy;
			containerPortal = D9FA0BB02E98E05B0001802D /* Project object */;
			proxyType = 1;
			remoteGlobalIDString = D9FA0BB72E98E05B0001802D;
			remoteInfo = Sambie;
		};
		D9FA0BD22E98E05C0001802D /* PBXContainerItemProxy */ = {
			isa = PBXContainerItemProxy;
			containerPortal = D9FA0BB02E98E05B0001802D /* Project object */;
			proxyType = 1;
			remoteGlobalIDString = D9FA0BB72E98E05B0001802D;
			remoteInfo = Sambie;
		};
/* End PBXContainerItemProxy section */

/* Begin PBXFileReference section */
		D9FA0BB82E98E05B0001802D /* Sambie.app */ = {isa = PBXFileReference; explicitFileType = wrapper.application; includeInIndex = 0; path = Sambie.app; sourceTree = BUILT_PRODUCTS_DIR; };
		D9FA0BC72E98E05C0001802D /* SambieTests.xctest */ = {isa = PBXFileReference; explicitFileType = wrapper.cfbundle; includeInIndex = 0; path = SambieTests.xctest; sourceTree = BUILT_PRODUCTS_DIR; };
		D9FA0BD12E98E05C0001802D /* SambieUITests.xctest */ = {isa = PBXFileReference; explicitFileType = wrapper.cfbundle; includeInIndex = 0; path = SambieUITests.xctest; sourceTree = BUILT_PRODUCTS_DIR; };
/* End PBXFileReference section */

/* Begin PBXFileSystemSynchronizedBuildFileExceptionSet section */
		D96631202F348DB20096A742 /* Exceptions for "Sambie" folder in "Sambie" target */ = {
			isa = PBXFileSystemSynchronizedBuildFileExceptionSet;
			membershipExceptions = (
				Info.plist,
			);
			target = D9FA0BB72E98E05B0001802D /* Sambie */;
		};
/* End PBXFileSystemSynchronizedBuildFileExceptionSet section */

/* Begin PBXFileSystemSynchronizedRootGroup section */
		D9FA0BBA2E98E05B0001802D /* Sambie */ = {
			isa = PBXFileSystemSynchronizedRootGroup;
			exceptions = (
				D96631202F348DB20096A742 /* Exceptions for "Sambie" folder in "Sambie" target */,
			);
			path = Sambie;
			sourceTree = "<group>";
		};
		D9FA0BCA2E98E05C0001802D /* SambieTests */ = {
			isa = PBXFileSystemSynchronizedRootGroup;
			path = SambieTests;
			sourceTree = "<group>";
		};
		D9FA0BD42E98E05C0001802D /* SambieUITests */ = {
			isa = PBXFileSystemSynchronizedRootGroup;
			path = SambieUITests;
			sourceTree = "<group>";
		};
/* End PBXFileSystemSynchronizedRootGroup section */

/* Begin PBXFrameworksBuildPhase section */
		D9FA0BB52E98E05B0001802D /* Frameworks */ = {
			isa = PBXFrameworksBuildPhase;
			buildActionMask = 2147483647;
			files = (
				D9B2A9192F4C3EA200644A9E /* KeychainAccess in Frameworks */,
				D9B2A9162F4C3E8900644A9E /* Subprocess in Frameworks */,
			);
			runOnlyForDeploymentPostprocessing = 0;
		};
		D9FA0BC42E98E05C0001802D /* Frameworks */ = {
			isa = PBXFrameworksBuildPhase;
			buildActionMask = 2147483647;
			files = (
			);
			runOnlyForDeploymentPostprocessing = 0;
		};
		D9FA0BCE2E98E05C0001802D /* Frameworks */ = {
			isa = PBXFrameworksBuildPhase;
			buildActionMask = 2147483647;
			files = (
			);
			runOnlyForDeploymentPostprocessing = 0;
		};
/* End PBXFrameworksBuildPhase section */

/* Begin PBXGroup section */
		D9FA0BAF2E98E05B0001802D = {
			isa = PBXGroup;
			children = (
				D9FA0BBA2E98E05B0001802D /* Sambie */,
				D9FA0BCA2E98E05C0001802D /* SambieTests */,
				D9FA0BD42E98E05C0001802D /* SambieUITests */,
				D9FA0BB92E98E05B0001802D /* Products */,
			);
			sourceTree = "<group>";
		};
		D9FA0BB92E98E05B0001802D /* Products */ = {
			isa = PBXGroup;
			children = (
				D9FA0BB82E98E05B0001802D /* Sambie.app */,
				D9FA0BC72E98E05C0001802D /* SambieTests.xctest */,
				D9FA0BD12E98E05C0001802D /* SambieUITests.xctest */,
			);
			name = Products;
			sourceTree = "<group>";
		};
/* End PBXGroup section */

/* Begin PBXNativeTarget section */
		D9FA0BB72E98E05B0001802D /* Sambie */ = {
			isa = PBXNativeTarget;
			buildConfigurationList = D9FA0BDB2E98E05C0001802D /* Build configuration list for PBXNativeTarget "Sambie" */;
			buildPhases = (
				D9FA0BB42E98E05B0001802D /* Sources */,
				D9FA0BB52E98E05B0001802D /* Frameworks */,
				D9FA0BB62E98E05B0001802D /* Resources */,
			);
			buildRules = (
			);
			dependencies = (
			);
			fileSystemSynchronizedGroups = (
				D9FA0BBA2E98E05B0001802D /* Sambie */,
			);
			name = Sambie;
			packageProductDependencies = (
				D9B2A9152F4C3E8900644A9E /* Subprocess */,
				D9B2A9182F4C3EA200644A9E /* KeychainAccess */,
			);
			productName = Sambie;
			productReference = D9FA0BB82E98E05B0001802D /* Sambie.app */;
			productType = "com.apple.product-type.application";
		};
		D9FA0BC62E98E05C0001802D /* SambieTests */ = {
			isa = PBXNativeTarget;
			buildConfigurationList = D9FA0BDE2E98E05C0001802D /* Build configuration list for PBXNativeTarget "SambieTests" */;
			buildPhases = (
				D9FA0BC32E98E05C0001802D /* Sources */,
				D9FA0BC42E98E05C0001802D /* Frameworks */,
				D9FA0BC52E98E05C0001802D /* Resources */,
			);
			buildRules = (
			);
			dependencies = (
				D9FA0BC92E98E05C0001802D /* PBXTargetDependency */,
			);
			fileSystemSynchronizedGroups = (
				D9FA0BCA2E98E05C0001802D /* SambieTests */,
			);
			name = SambieTests;
			packageProductDependencies = (
			);
			productName = SambieTests;
			productReference = D9FA0BC72E98E05C0001802D /* SambieTests.xctest */;
			productType = "com.apple.product-type.bundle.unit-test";
		};
		D9FA0BD02E98E05C0001802D /* SambieUITests */ = {
			isa = PBXNativeTarget;
			buildConfigurationList = D9FA0BE12E98E05C0001802D /* Build configuration list for PBXNativeTarget "SambieUITests" */;
			buildPhases = (
				D9FA0BCD2E98E05C0001802D /* Sources */,
				D9FA0BCE2E98E05C0001802D /* Frameworks */,
				D9FA0BCF2E98E05C0001802D /* Resources */,
			);
			buildRules = (
			);
			dependencies = (
				D9FA0BD32E98E05C0001802D /* PBXTargetDependency */,
			);
			fileSystemSynchronizedGroups = (
				D9FA0BD42E98E05C0001802D /* SambieUITests */,
			);
			name = SambieUITests;
			packageProductDependencies = (
			);
			productName = SambieUITests;
			productReference = D9FA0BD12E98E05C0001802D /* SambieUITests.xctest */;
			productType = "com.apple.product-type.bundle.ui-testing";
		};
/* End PBXNativeTarget section */

/* Begin PBXProject section */
		D9FA0BB02E98E05B0001802D /* Project object */ = {
			isa = PBXProject;
			attributes = {
				BuildIndependentTargetsInParallel = 1;
				LastSwiftUpdateCheck = 2600;
				LastUpgradeCheck = 2610;
				TargetAttributes = {
					D9FA0BB72E98E05B0001802D = {
						CreatedOnToolsVersion = 26.0.1;
					};
					D9FA0BC62E98E05C0001802D = {
						CreatedOnToolsVersion = 26.0.1;
						TestTargetID = D9FA0BB72E98E05B0001802D;
					};
					D9FA0BD02E98E05C0001802D = {
						CreatedOnToolsVersion = 26.0.1;
						TestTargetID = D9FA0BB72E98E05B0001802D;
					};
				};
			};
			buildConfigurationList = D9FA0BB32E98E05B0001802D /* Build configuration list for PBXProject "Sambie" */;
			developmentRegion = en;
			hasScannedForEncodings = 0;
			knownRegions = (
				en,
				Base,
			);
			mainGroup = D9FA0BAF2E98E05B0001802D;
			minimizedProjectReferenceProxies = 1;
			packageReferences = (
				D9B2A9142F4C3E8900644A9E /* XCRemoteSwiftPackageReference "swift-subprocess" */,
				D9B2A9172F4C3EA200644A9E /* XCRemoteSwiftPackageReference "KeychainAccess" */,
			);
			preferredProjectObjectVersion = 77;
			productRefGroup = D9FA0BB92E98E05B0001802D /* Products */;
			projectDirPath = "";
			projectRoot = "";
			targets = (
				D9FA0BB72E98E05B0001802D /* Sambie */,
				D9FA0BC62E98E05C0001802D /* SambieTests */,
				D9FA0BD02E98E05C0001802D /* SambieUITests */,
			);
		};
/* End PBXProject section */

/* Begin PBXResourcesBuildPhase section */
		D9FA0BB62E98E05B0001802D /* Resources */ = {
			isa = PBXResourcesBuildPhase;
			buildActionMask = 2147483647;
			files = (
			);
			runOnlyForDeploymentPostprocessing = 0;
		};
		D9FA0BC52E98E05C0001802D /* Resources */ = {
			isa = PBXResourcesBuildPhase;
			buildActionMask = 2147483647;
			files = (
			);
			runOnlyForDeploymentPostprocessing = 0;
		};
		D9FA0BCF2E98E05C0001802D /* Resources */ = {
			isa = PBXResourcesBuildPhase;
			buildActionMask = 2147483647;
			files = (
			);
			runOnlyForDeploymentPostprocessing = 0;
		};
/* End PBXResourcesBuildPhase section */

/* Begin PBXSourcesBuildPhase section */
		D9FA0BB42E98E05B0001802D /* Sources */ = {
			isa = PBXSourcesBuildPhase;
			buildActionMask = 2147483647;
			files = (
			);
			runOnlyForDeploymentPostprocessing = 0;
		};
		D9FA0BC32E98E05C0001802D /* Sources */ = {
			isa = PBXSourcesBuildPhase;
			buildActionMask = 2147483647;
			files = (
			);
			runOnlyForDeploymentPostprocessing = 0;
		};
		D9FA0BCD2E98E05C0001802D /* Sources */ = {
			isa = PBXSourcesBuildPhase;
			buildActionMask = 2147483647;
			files = (
			);
			runOnlyForDeploymentPostprocessing = 0;
		};
/* End PBXSourcesBuildPhase section */

/* Begin PBXTargetDependency section */
		D9FA0BC92E98E05C0001802D /* PBXTargetDependency */ = {
			isa = PBXTargetDependency;
			target = D9FA0BB72E98E05B0001802D /* Sambie */;
			targetProxy = D9FA0BC82E98E05C0001802D /* PBXContainerItemProxy */;
		};
		D9FA0BD32E98E05C0001802D /* PBXTargetDependency */ = {
			isa = PBXTargetDependency;
			target = D9FA0BB72E98E05B0001802D /* Sambie */;
			targetProxy = D9FA0BD22E98E05C0001802D /* PBXContainerItemProxy */;
		};
/* End PBXTargetDependency section */

/* Begin XCBuildConfiguration section */
		D9FA0BD92E98E05C0001802D /* Debug */ = {
			isa = XCBuildConfiguration;
			buildSettings = {
				ALWAYS_SEARCH_USER_PATHS = NO;
				ASSETCATALOG_COMPILER_GENERATE_SWIFT_ASSET_SYMBOL_EXTENSIONS = YES;
				CLANG_ANALYZER_NONNULL = YES;
				CLANG_ANALYZER_NUMBER_OBJECT_CONVERSION = YES_AGGRESSIVE;
				CLANG_CXX_LANGUAGE_STANDARD = "gnu++20";
				CLANG_ENABLE_MODULES = YES;
				CLANG_ENABLE_OBJC_ARC = YES;
				CLANG_ENABLE_OBJC_WEAK = YES;
				CLANG_WARN_BLOCK_CAPTURE_AUTORELEASING = YES;
				CLANG_WARN_BOOL_CONVERSION = YES;
				CLANG_WARN_COMMA = YES;
				CLANG_WARN_CONSTANT_CONVERSION = YES;
				CLANG_WARN_DEPRECATED_OBJC_IMPLEMENTATIONS = YES;
				CLANG_WARN_DIRECT_OBJC_ISA_USAGE = YES_ERROR;
				CLANG_WARN_DOCUMENTATION_COMMENTS = YES;
				CLANG_WARN_EMPTY_BODY = YES;
				CLANG_WARN_ENUM_CONVERSION = YES;
				CLANG_WARN_INFINITE_RECURSION = YES;
				CLANG_WARN_INT_CONVERSION = YES;
				CLANG_WARN_NON_LITERAL_NULL_CONVERSION = YES;
				CLANG_WARN_OBJC_IMPLICIT_RETAIN_SELF = YES;
				CLANG_WARN_OBJC_LITERAL_CONVERSION = YES;
				CLANG_WARN_OBJC_ROOT_CLASS = YES_ERROR;
				CLANG_WARN_QUOTED_INCLUDE_IN_FRAMEWORK_HEADER = YES;
				CLANG_WARN_RANGE_LOOP_ANALYSIS = YES;
				CLANG_WARN_STRICT_PROTOTYPES = YES;
				CLANG_WARN_SUSPICIOUS_MOVE = YES;
				CLANG_WARN_UNGUARDED_AVAILABILITY = YES_AGGRESSIVE;
				CLANG_WARN_UNREACHABLE_CODE = YES;
				CLANG_WARN__DUPLICATE_METHOD_MATCH = YES;
				COPY_PHASE_STRIP = NO;
				DEAD_CODE_STRIPPING = YES;
				DEBUG_INFORMATION_FORMAT = dwarf;
				DEVELOPMENT_TEAM = 6LR46S9RTK;
				ENABLE_STRICT_OBJC_MSGSEND = YES;
				ENABLE_TESTABILITY = YES;
				ENABLE_USER_SCRIPT_SANDBOXING = YES;
				GCC_C_LANGUAGE_STANDARD = gnu17;
				GCC_DYNAMIC_NO_PIC = NO;
				GCC_NO_COMMON_BLOCKS = YES;
				GCC_OPTIMIZATION_LEVEL = 0;
				GCC_PREPROCESSOR_DEFINITIONS = (
					"DEBUG=1",
					"$(inherited)",
				);
				GCC_WARN_64_TO_32_BIT_CONVERSION = YES;
				GCC_WARN_ABOUT_RETURN_TYPE = YES_ERROR;
				GCC_WARN_UNDECLARED_SELECTOR = YES;
				GCC_WARN_UNINITIALIZED_AUTOS = YES_AGGRESSIVE;
				GCC_WARN_UNUSED_FUNCTION = YES;
				GCC_WARN_UNUSED_VARIABLE = YES;
				LOCALIZATION_PREFERS_STRING_CATALOGS = YES;
				MACOSX_DEPLOYMENT_TARGET = 15.6;
				MTL_ENABLE_DEBUG_INFO = INCLUDE_SOURCE;
				MTL_FAST_MATH = YES;
				ONLY_ACTIVE_ARCH = YES;
				SDKROOT = macosx;
				STRING_CATALOG_GENERATE_SYMBOLS = YES;
				SWIFT_ACTIVE_COMPILATION_CONDITIONS = "DEBUG $(inherited)";
				SWIFT_OPTIMIZATION_LEVEL = "-Onone";
			};
			name = Debug;
		};
		D9FA0BDA2E98E05C0001802D /* Release */ = {
			isa = XCBuildConfiguration;
			buildSettings = {
				ALWAYS_SEARCH_USER_PATHS = NO;
				ASSETCATALOG_COMPILER_GENERATE_SWIFT_ASSET_SYMBOL_EXTENSIONS = YES;
				CLANG_ANALYZER_NONNULL = YES;
				CLANG_ANALYZER_NUMBER_OBJECT_CONVERSION = YES_AGGRESSIVE;
				CLANG_CXX_LANGUAGE_STANDARD = "gnu++20";
				CLANG_ENABLE_MODULES = YES;
				CLANG_ENABLE_OBJC_ARC = YES;
				CLANG_ENABLE_OBJC_WEAK = YES;
				CLANG_WARN_BLOCK_CAPTURE_AUTORELEASING = YES;
				CLANG_WARN_BOOL_CONVERSION = YES;
				CLANG_WARN_COMMA = YES;
				CLANG_WARN_CONSTANT_CONVERSION = YES;
				CLANG_WARN_DEPRECATED_OBJC_IMPLEMENTATIONS = YES;
				CLANG_WARN_DIRECT_OBJC_ISA_USAGE = YES_ERROR;
				CLANG_WARN_DOCUMENTATION_COMMENTS = YES;
				CLANG_WARN_EMPTY_BODY = YES;
				CLANG_WARN_ENUM_CONVERSION = YES;
				CLANG_WARN_INFINITE_RECURSION = YES;
				CLANG_WARN_INT_CONVERSION = YES;
				CLANG_WARN_NON_LITERAL_NULL_CONVERSION = YES;
				CLANG_WARN_OBJC_IMPLICIT_RETAIN_SELF = YES;
				CLANG_WARN_OBJC_LITERAL_CONVERSION = YES;
				CLANG_WARN_OBJC_ROOT_CLASS = YES_ERROR;
				CLANG_WARN_QUOTED_INCLUDE_IN_FRAMEWORK_HEADER = YES;
				CLANG_WARN_RANGE_LOOP_ANALYSIS = YES;
				CLANG_WARN_STRICT_PROTOTYPES = YES;
				CLANG_WARN_SUSPICIOUS_MOVE = YES;
				CLANG_WARN_UNGUARDED_AVAILABILITY = YES_AGGRESSIVE;
				CLANG_WARN_UNREACHABLE_CODE = YES;
				CLANG_WARN__DUPLICATE_METHOD_MATCH = YES;
				COPY_PHASE_STRIP = NO;
				DEAD_CODE_STRIPPING = YES;
				DEBUG_INFORMATION_FORMAT = "dwarf-with-dsym";
				DEVELOPMENT_TEAM = 6LR46S9RTK;
				ENABLE_NS_ASSERTIONS = NO;
				ENABLE_STRICT_OBJC_MSGSEND = YES;
				ENABLE_USER_SCRIPT_SANDBOXING = YES;
				GCC_C_LANGUAGE_STANDARD = gnu17;
				GCC_NO_COMMON_BLOCKS = YES;
				GCC_WARN_64_TO_32_BIT_CONVERSION = YES;
				GCC_WARN_ABOUT_RETURN_TYPE = YES_ERROR;
				GCC_WARN_UNDECLARED_SELECTOR = YES;
				GCC_WARN_UNINITIALIZED_AUTOS = YES_AGGRESSIVE;
				GCC_WARN_UNUSED_FUNCTION = YES;
				GCC_WARN_UNUSED_VARIABLE = YES;
				LOCALIZATION_PREFERS_STRING_CATALOGS = YES;
				MACOSX_DEPLOYMENT_TARGET = 15.6;
				MTL_ENABLE_DEBUG_INFO = NO;
				MTL_FAST_MATH = YES;
				SDKROOT = macosx;
				STRING_CATALOG_GENERATE_SYMBOLS = YES;
				SWIFT_COMPILATION_MODE = wholemodule;
			};
			name = Release;
		};
		D9FA0BDC2E98E05C0001802D /* Debug */ = {
			isa = XCBuildConfiguration;
			buildSettings = {
				ASSETCATALOG_COMPILER_APPICON_NAME = AppIcon;
				ASSETCATALOG_COMPILER_GLOBAL_ACCENT_COLOR_NAME = AccentColor;
				"CODE_SIGN_IDENTITY[sdk=macosx*]" = "-";
				CODE_SIGN_STYLE = Automatic;
				COMBINE_HIDPI_IMAGES = YES;
				CURRENT_PROJECT_VERSION = 1;
				DEAD_CODE_STRIPPING = YES;
				DEVELOPMENT_TEAM = 6LR46S9RTK;
				ENABLE_APP_SANDBOX = NO;
				ENABLE_HARDENED_RUNTIME = YES;
				ENABLE_PREVIEWS = YES;
				GENERATE_INFOPLIST_FILE = YES;
				INFOPLIST_FILE = Sambie/Info.plist;
				INFOPLIST_KEY_CFBundleDisplayName = Sambie;
				INFOPLIST_KEY_LSApplicationCategoryType = "public.app-category.utilities";
				INFOPLIST_KEY_NSHumanReadableCopyright = "";
				INFOPLIST_KEY_NSNetworkVolumesUsageDescription = Test;
				LD_RUNPATH_SEARCH_PATHS = (
					"$(inherited)",
					"@executable_path/../Frameworks",
				);
				MARKETING_VERSION = 1.0;
				PRODUCT_BUNDLE_IDENTIFIER = com.kaeomc.Sambie;
				PRODUCT_NAME = "$(TARGET_NAME)";
				REGISTER_APP_GROUPS = YES;
				STRING_CATALOG_GENERATE_SYMBOLS = YES;
				SWIFT_APPROACHABLE_CONCURRENCY = YES;
				SWIFT_DEFAULT_ACTOR_ISOLATION = MainActor;
				SWIFT_EMIT_LOC_STRINGS = YES;
				SWIFT_UPCOMING_FEATURE_MEMBER_IMPORT_VISIBILITY = YES;
				SWIFT_VERSION = 6.0;
			};
			name = Debug;
		};
		D9FA0BDD2E98E05C0001802D /* Release */ = {
			isa = XCBuildConfiguration;
			buildSettings = {
				ASSETCATALOG_COMPILER_APPICON_NAME = AppIcon;
				ASSETCATALOG_COMPILER_GLOBAL_ACCENT_COLOR_NAME = AccentColor;
				"CODE_SIGN_IDENTITY[sdk=macosx*]" = "-";
				CODE_SIGN_STYLE = Automatic;
				COMBINE_HIDPI_IMAGES = YES;
				CURRENT_PROJECT_VERSION = 1;
				DEAD_CODE_STRIPPING = YES;
				DEVELOPMENT_TEAM = 6LR46S9RTK;
				ENABLE_APP_SANDBOX = NO;
				ENABLE_HARDENED_RUNTIME = YES;
				ENABLE_PREVIEWS = YES;
				GENERATE_INFOPLIST_FILE = YES;
				INFOPLIST_FILE = Sambie/Info.plist;
				INFOPLIST_KEY_CFBundleDisplayName = Sambie;
				INFOPLIST_KEY_LSApplicationCategoryType = "public.app-category.utilities";
				INFOPLIST_KEY_NSHumanReadableCopyright = "";
				INFOPLIST_KEY_NSNetworkVolumesUsageDescription = Test;
				LD_RUNPATH_SEARCH_PATHS = (
					"$(inherited)",
					"@executable_path/../Frameworks",
				);
				MARKETING_VERSION = 1.0;
				PRODUCT_BUNDLE_IDENTIFIER = com.kaeomc.Sambie;
				PRODUCT_NAME = "$(TARGET_NAME)";
				REGISTER_APP_GROUPS = YES;
				STRING_CATALOG_GENERATE_SYMBOLS = YES;
				SWIFT_APPROACHABLE_CONCURRENCY = YES;
				SWIFT_DEFAULT_ACTOR_ISOLATION = MainActor;
				SWIFT_EMIT_LOC_STRINGS = YES;
				SWIFT_UPCOMING_FEATURE_MEMBER_IMPORT_VISIBILITY = YES;
				SWIFT_VERSION = 6.0;
			};
			name = Release;
		};
		D9FA0BDF2E98E05C0001802D /* Debug */ = {
			isa = XCBuildConfiguration;
			buildSettings = {
				BUNDLE_LOADER = "$(TEST_HOST)";
				CODE_SIGN_STYLE = Automatic;
				CURRENT_PROJECT_VERSION = 1;
				DEAD_CODE_STRIPPING = YES;
				DEVELOPMENT_TEAM = 6LR46S9RTK;
				GENERATE_INFOPLIST_FILE = YES;
				MACOSX_DEPLOYMENT_TARGET = 15.6;
				MARKETING_VERSION = 1.0;
				PRODUCT_BUNDLE_IDENTIFIER = com.kaeomc.SambieTests;
				PRODUCT_NAME = "$(TARGET_NAME)";
				STRING_CATALOG_GENERATE_SYMBOLS = NO;
				SWIFT_APPROACHABLE_CONCURRENCY = YES;
				SWIFT_EMIT_LOC_STRINGS = NO;
				SWIFT_UPCOMING_FEATURE_MEMBER_IMPORT_VISIBILITY = YES;
				SWIFT_VERSION = 5.0;
				TEST_HOST = "$(BUILT_PRODUCTS_DIR)/Sambie.app/$(BUNDLE_EXECUTABLE_FOLDER_PATH)/Sambie";
			};
			name = Debug;
		};
		D9FA0BE02E98E05C0001802D /* Release */ = {
			isa = XCBuildConfiguration;
			buildSettings = {
				BUNDLE_LOADER = "$(TEST_HOST)";
				CODE_SIGN_STYLE = Automatic;
				CURRENT_PROJECT_VERSION = 1;
				DEAD_CODE_STRIPPING = YES;
				DEVELOPMENT_TEAM = 6LR46S9RTK;
				GENERATE_INFOPLIST_FILE = YES;
				MACOSX_DEPLOYMENT_TARGET = 15.6;
				MARKETING_VERSION = 1.0;
				PRODUCT_BUNDLE_IDENTIFIER = com.kaeomc.SambieTests;
				PRODUCT_NAME = "$(TARGET_NAME)";
				STRING_CATALOG_GENERATE_SYMBOLS = NO;
				SWIFT_APPROACHABLE_CONCURRENCY = YES;
				SWIFT_EMIT_LOC_STRINGS = NO;
				SWIFT_UPCOMING_FEATURE_MEMBER_IMPORT_VISIBILITY = YES;
				SWIFT_VERSION = 5.0;
				TEST_HOST = "$(BUILT_PRODUCTS_DIR)/Sambie.app/$(BUNDLE_EXECUTABLE_FOLDER_PATH)/Sambie";
			};
			name = Release;
		};
		D9FA0BE22E98E05C0001802D /* Debug */ = {
			isa = XCBuildConfiguration;
			buildSettings = {
				CODE_SIGN_STYLE = Automatic;
				CURRENT_PROJECT_VERSION = 1;
				DEAD_CODE_STRIPPING = YES;
				DEVELOPMENT_TEAM = 6LR46S9RTK;
				GENERATE_INFOPLIST_FILE = YES;
				MARKETING_VERSION = 1.0;
				PRODUCT_BUNDLE_IDENTIFIER = com.kaeomc.SambieUITests;
				PRODUCT_NAME = "$(TARGET_NAME)";
				STRING_CATALOG_GENERATE_SYMBOLS = NO;
				SWIFT_APPROACHABLE_CONCURRENCY = YES;
				SWIFT_EMIT_LOC_STRINGS = NO;
				SWIFT_UPCOMING_FEATURE_MEMBER_IMPORT_VISIBILITY = YES;
				SWIFT_VERSION = 5.0;
				TEST_TARGET_NAME = Sambie;
			};
			name = Debug;
		};
		D9FA0BE32E98E05C0001802D /* Release */ = {
			isa = XCBuildConfiguration;
			buildSettings = {
				CODE_SIGN_STYLE = Automatic;
				CURRENT_PROJECT_VERSION = 1;
				DEAD_CODE_STRIPPING = YES;
				DEVELOPMENT_TEAM = 6LR46S9RTK;
				GENERATE_INFOPLIST_FILE = YES;
				MARKETING_VERSION = 1.0;
				PRODUCT_BUNDLE_IDENTIFIER = com.kaeomc.SambieUITests;
				PRODUCT_NAME = "$(TARGET_NAME)";
				STRING_CATALOG_GENERATE_SYMBOLS = NO;
				SWIFT_APPROACHABLE_CONCURRENCY = YES;
				SWIFT_EMIT_LOC_STRINGS = NO;
				SWIFT_UPCOMING_FEATURE_MEMBER_IMPORT_VISIBILITY = YES;
				SWIFT_VERSION = 5.0;
				TEST_TARGET_NAME = Sambie;
			};
			name = Release;
		};
/* End XCBuildConfiguration section */

/* Begin XCConfigurationList section */
		D9FA0BB32E98E05B0001802D /* Build configuration list for PBXProject "Sambie" */ = {
			isa = XCConfigurationList;
			buildConfigurations = (
				D9FA0BD92E98E05C0001802D /* Debug */,
				D9FA0BDA2E98E05C0001802D /* Release */,
			);
			defaultConfigurationIsVisible = 0;
			defaultConfigurationName = Release;
		};
		D9FA0BDB2E98E05C0001802D /* Build configuration list for PBXNativeTarget "Sambie" */ = {
			isa = XCConfigurationList;
			buildConfigurations = (
				D9FA0BDC2E98E05C0001802D /* Debug */,
				D9FA0BDD2E98E05C0001802D /* Release */,
			);
			defaultConfigurationIsVisible = 0;
			defaultConfigurationName = Release;
		};
		D9FA0BDE2E98E05C0001802D /* Build configuration list for PBXNativeTarget "SambieTests" */ = {
			isa = XCConfigurationList;
			buildConfigurations = (
				D9FA0BDF2E98E05C0001802D /* Debug */,
				D9FA0BE02E98E05C0001802D /* Release */,
			);
			defaultConfigurationIsVisible = 0;
			defaultConfigurationName = Release;
		};
		D9FA0BE12E98E05C0001802D /* Build configuration list for PBXNativeTarget "SambieUITests" */ = {
			isa = XCConfigurationList;
			buildConfigurations = (
				D9FA0BE22E98E05C0001802D /* Debug */,
				D9FA0BE32E98E05C0001802D /* Release */,
			);
			defaultConfigurationIsVisible = 0;
			defaultConfigurationName = Release;
		};
/* End XCConfigurationList section */

/* Begin XCRemoteSwiftPackageReference section */
		D9B2A9142F4C3E8900644A9E /* XCRemoteSwiftPackageReference "swift-subprocess" */ = {
			isa = XCRemoteSwiftPackageReference;
			repositoryURL = "https://github.com/swiftlang/swift-subprocess.git";
			requirement = {
				kind = upToNextMajorVersion;
				minimumVersion = 0.3.0;
			};
		};
		D9B2A9172F4C3EA200644A9E /* XCRemoteSwiftPackageReference "KeychainAccess" */ = {
			isa = XCRemoteSwiftPackageReference;
			repositoryURL = "https://github.com/kishikawakatsumi/KeychainAccess";
			requirement = {
				branch = master;
				kind = branch;
			};
		};
/* End XCRemoteSwiftPackageReference section */

/* Begin XCSwiftPackageProductDependency section */
		D9B2A9152F4C3E8900644A9E /* Subprocess */ = {
			isa = XCSwiftPackageProductDependency;
			package = D9B2A9142F4C3E8900644A9E /* XCRemoteSwiftPackageReference "swift-subprocess" */;
			productName = Subprocess;
		};
		D9B2A9182F4C3EA200644A9E /* KeychainAccess */ = {
			isa = XCSwiftPackageProductDependency;
			package = D9B2A9172F4C3EA200644A9E /* XCRemoteSwiftPackageReference "KeychainAccess" */;
			productName = KeychainAccess;
		};
/* End XCSwiftPackageProductDependency section */
	};
	rootObject = D9FA0BB02E98E05B0001802D /* Project object */;
}
